
Microsoft Visual Studio Solution File, Format Version 12.00
# Visual Studio Version 17
VisualStudioVersion = 17.4.33205.214
MinimumVisualStudioVersion = 10.0.40219.1
Project("{FAE04EC0-301F-11D3-BF4B-00C04F79EFBC}") = "BlogLab.Web", "BlogLab.Web\BlogLab.Web.csproj", "{5F11F5D5-7629-4A64-B3C3-310C5AED5DE7}"
EndProject
Project("{FAE04EC0-301F-11D3-BF4B-00C04F79EFBC}") = "BlogLab.Models", "BlogLab.Models\BlogLab.Models.csproj", "{BD405741-2132-4A1A-BB81-7C47A66CB558}"
EndProject
Project("{FAE04EC0-301F-11D3-BF4B-00C04F79EFBC}") = "BlogLab.Repository", "BlogLab.Repository\BlogLab.Repository.csproj", "{667FB576-CCD3-4A9F-8168-A98BAC5A2575}"
EndProject
Global
	GlobalSection(SolutionConfigurationPlatforms) = preSolution
		Debug|Any CPU = Debug|Any CPU
		Release|Any CPU = Release|Any CPU
	EndGlobalSection
	GlobalSection(ProjectConfigurationPlatforms) = postSolution
		{5F11F5D5-7629-4A64-B3C3-310C5AED5DE7}.Debug|Any CPU.ActiveCfg = Debug|Any CPU
		{5F11F5D5-7629-4A64-B3C3-310C5AED5DE7}.Debug|Any CPU.Build.0 = Debug|Any CPU
		{5F11F5D5-7629-4A64-B3C3-310C5AED5DE7}.Release|Any CPU.ActiveCfg = Release|Any CPU
		{5F11F5D5-7629-4A64-B3C3-310C5AED5DE7}.Release|Any CPU.Build.0 = Release|Any CPU
		{BD405741-2132-4A1A-BB81-7C47A66CB558}.Debug|Any CPU.ActiveCfg = Debug|Any CPU
		{BD405741-2132-4A1A-BB81-7C47A66CB558}.Debug|Any CPU.Build.0 = Debug|Any CPU
		{BD405741-2132-4A1A-BB81-7C47A66CB558}.Release|Any CPU.ActiveCfg = Release|Any CPU
		{BD405741-2132-4A1A-BB81-7C47A66CB558}.Release|Any CPU.Build.0 = Release|Any CPU
		{667FB576-CCD3-4A9F-8168-A98BAC5A2575}.Debug|Any CPU.ActiveCfg = Debug|Any CPU
		{667FB576-CCD3-4A9F-8168-A98BAC5A2575}.Debug|Any CPU.Build.0 = Debug|Any CPU
		{667FB576-CCD3-4A9F-8168-A98BAC5A2575}.Release|Any CPU.ActiveCfg = Release|Any CPU
		{667FB576-CCD3-4A9F-8168-A98BAC5A2575}.Release|Any CPU.Build.0 = Release|Any CPU
	EndGlobalSection
	GlobalSection(SolutionProperties) = preSolution
		HideSolutionNode = FALSE
	EndGlobalSection
	GlobalSection(ExtensibilityGlobals) = postSolution
		SolutionGuid = {28D995A7-02C8-4D1D-A6DA-32CA5CD4F3FE}
	EndGlobalSection
EndGlobal
